// !$*UTF8*$!
{
	archiveVersion = 1;
	classes = {
	};
	objectVersion = 56;
	objects = {

/* Begin PBXBuildFile section */
		FB7C77FA2D84823E007781B7 /* ContentView.swift in Sources */ = {isa = PBXBuildFile; fileRef = FB7C77F92D84823E007781B7 /* ContentView.swift */; };
		FB7C77FC2D84823E007781B7 /* Assets.xcassets in Resources */ = {isa = PBXBuildFile; fileRef = FB7C77FB2D84823E007781B7 /* Assets.xcassets */; };
		FB7C77FF2D84823E007781B7 /* Preview Assets.xcassets in Resources */ = {isa = PBXBuildFile; fileRef = FB7C77FE2D84823E007781B7 /* Preview Assets.xcassets */; };
		FB7C78082D8483C0007781B7 /* serie_informacion.swift in Sources */ = {isa = PBXBuildFile; fileRef = FB7C78072D8483C0007781B7 /* serie_informacion.swift */; };
		FB7C780A2D848B25007781B7 /* vista_modelo_basico.swift in Sources */ = {isa = PBXBuildFile; fileRef = FB7C78092D848B25007781B7 /* vista_modelo_basico.swift */; };
		FB7C780C2D848C90007781B7 /* primera_pantalla.swift in Sources */ = {isa = PBXBuildFile; fileRef = FB7C780B2D848C90007781B7 /* primera_pantalla.swift */; };
		FB9F54B32D8B1C04002B15B5 /* agregar_serie.swift in Sources */ = {isa = PBXBuildFile; fileRef = FB9F54B22D8B1C04002B15B5 /* agregar_serie.swift */; };
		FB9F54B52D8B2AE7002B15B5 /* estados_de_la_aplicacion.swift in Sources */ = {isa = PBXBuildFile; fileRef = FB9F54B42D8B2AE7002B15B5 /* estados_de_la_aplicacion.swift */; };
/* End PBXBuildFile section */

/* Begin PBXFileReference section */
		FB7C77F42D84823E007781B7 /* mvvm.app */ = {isa = PBXFileReference; explicitFileType = wrapper.application; includeInIndex = 0; path = mvvm.app; sourceTree = BUILT_PRODUCTS_DIR; };
		FB7C77F92D84823E007781B7 /* ContentView.swift */ = {isa = PBXFileReference; lastKnownFileType = sourcecode.swift; path = ContentView.swift; sourceTree = "<group>"; };
		FB7C77FB2D84823E007781B7 /* Assets.xcassets */ = {isa = PBXFileReference; lastKnownFileType = folder.assetcatalog; path = Assets.xcassets; sourceTree = "<group>"; };
		FB7C77FE2D84823E007781B7 /* Preview Assets.xcassets */ = {isa = PBXFileReference; lastKnownFileType = folder.assetcatalog; path = "Preview Assets.xcassets"; sourceTree = "<group>"; };
		FB7C78072D8483C0007781B7 /* serie_informacion.swift */ = {isa = PBXFileReference; lastKnownFileType = sourcecode.swift; path = serie_informacion.swift; sourceTree = "<group>"; };
		FB7C78092D848B25007781B7 /* vista_modelo_basico.swift */ = {isa = PBXFileReference; lastKnownFileType = sourcecode.swift; path = vista_modelo_basico.swift; sourceTree = "<group>"; };
		FB7C780B2D848C90007781B7 /* primera_pantalla.swift */ = {isa = PBXFileReference; lastKnownFileType = sourcecode.swift; path = primera_pantalla.swift; sourceTree = "<group>"; };
		FB9F54B22D8B1C04002B15B5 /* agregar_serie.swift */ = {isa = PBXFileReference; lastKnownFileType = sourcecode.swift; path = agregar_serie.swift; sourceTree = "<group>"; };
		FB9F54B42D8B2AE7002B15B5 /* estados_de_la_aplicacion.swift */ = {isa = PBXFileReference; lastKnownFileType = sourcecode.swift; path = estados_de_la_aplicacion.swift; sourceTree = "<group>"; };
/* End PBXFileReference section */

/* Begin PBXFrameworksBuildPhase section */
		FB7C77F12D84823E007781B7 /* Frameworks */ = {
			isa = PBXFrameworksBuildPhase;
			buildActionMask = 2147483647;
			files = (
			);
			runOnlyForDeploymentPostprocessing = 0;
		};
/* End PBXFrameworksBuildPhase section */

/* Begin PBXGroup section */
		FB7C77EB2D84823E007781B7 = {
			isa = PBXGroup;
			children = (
				FB7C77F62D84823E007781B7 /* mvvm */,
				FB7C77F52D84823E007781B7 /* Products */,
			);
			sourceTree = "<group>";
		};
		FB7C77F52D84823E007781B7 /* Products */ = {
			isa = PBXGroup;
			children = (
				FB7C77F42D84823E007781B7 /* mvvm.app */,
			);
			name = Products;
			sourceTree = "<group>";
		};
		FB7C77F62D84823E007781B7 /* mvvm */ = {
			isa = PBXGroup;
			children = (
				FB9F54B12D8B1BE6002B15B5 /* pantallas */,
				FB7C780B2D848C90007781B7 /* primera_pantalla.swift */,
				FB7C78062D848345007781B7 /* vistas_modelos */,
				FB7C78052D848324007781B7 /* modelos */,
				FB7C77F92D84823E007781B7 /* ContentView.swift */,
				FB7C77FB2D84823E007781B7 /* Assets.xcassets */,
				FB7C77FD2D84823E007781B7 /* Preview Content */,
			);
			path = mvvm;
			sourceTree = "<group>";
		};
		FB7C77FD2D84823E007781B7 /* Preview Content */ = {
			isa = PBXGroup;
			children = (
				FB7C77FE2D84823E007781B7 /* Preview Assets.xcassets */,
			);
			path = "Preview Content";
			sourceTree = "<group>";
		};
		FB7C78052D848324007781B7 /* modelos */ = {
			isa = PBXGroup;
			children = (
				FB7C78072D8483C0007781B7 /* serie_informacion.swift */,
			);
			path = modelos;
			sourceTree = "<group>";
		};
		FB7C78062D848345007781B7 /* vistas_modelos */ = {
			isa = PBXGroup;
			children = (
				FB7C78092D848B25007781B7 /* vista_modelo_basico.swift */,
				FB9F54B42D8B2AE7002B15B5 /* estados_de_la_aplicacion.swift */,
			);
			path = vistas_modelos;
			sourceTree = "<group>";
		};
		FB9F54B12D8B1BE6002B15B5 /* pantallas */ = {
			isa = PBXGroup;
			children = (
				FB9F54B22D8B1C04002B15B5 /* agregar_serie.swift */,
			);
			path = pantallas;
			sourceTree = "<group>";
		};
/* End PBXGroup section */

/* Begin PBXNativeTarget section */
		FB7C77F32D84823E007781B7 /* mvvm */ = {
			isa = PBXNativeTarget;
			buildConfigurationList = FB7C78022D84823E007781B7 /* Build configuration list for PBXNativeTarget "mvvm" */;
			buildPhases = (
				FB7C77F02D84823E007781B7 /* Sources */,
				FB7C77F12D84823E007781B7 /* Frameworks */,
				FB7C77F22D84823E007781B7 /* Resources */,
			);
			buildRules = (
			);
			dependencies = (
			);
			name = mvvm;
			productName = mvvm;
			productReference = FB7C77F42D84823E007781B7 /* mvvm.app */;
			productType = "com.apple.product-type.application";
		};
/* End PBXNativeTarget section */

/* Begin PBXProject section */
		FB7C77EC2D84823E007781B7 /* Project object */ = {
			isa = PBXProject;
			attributes = {
				BuildIndependentTargetsInParallel = 1;
				LastSwiftUpdateCheck = 1540;
				LastUpgradeCheck = 1540;
				TargetAttributes = {
					FB7C77F32D84823E007781B7 = {
						CreatedOnToolsVersion = 15.4;
					};
				};
			};
			buildConfigurationList = FB7C77EF2D84823E007781B7 /* Build configuration list for PBXProject "mvvm" */;
			compatibilityVersion = "Xcode 14.0";
			developmentRegion = en;
			hasScannedForEncodings = 0;
			knownRegions = (
				en,
				Base,
			);
			mainGroup = FB7C77EB2D84823E007781B7;
			productRefGroup = FB7C77F52D84823E007781B7 /* Products */;
			projectDirPath = "";
			projectRoot = "";
			targets = (
				FB7C77F32D84823E007781B7 /* mvvm */,
			);
		};
/* End PBXProject section */

/* Begin PBXResourcesBuildPhase section */
		FB7C77F22D84823E007781B7 /* Resources */ = {
			isa = PBXResourcesBuildPhase;
			buildActionMask = 2147483647;
			files = (
				FB7C77FF2D84823E007781B7 /* Preview Assets.xcassets in Resources */,
				FB7C77FC2D84823E007781B7 /* Assets.xcassets in Resources */,
			);
			runOnlyForDeploymentPostprocessing = 0;
		};
/* End PBXResourcesBuildPhase section */

/* Begin PBXSourcesBuildPhase section */
		FB7C77F02D84823E007781B7 /* Sources */ = {
			isa = PBXSourcesBuildPhase;
			buildActionMask = 2147483647;
			files = (
				FB7C78082D8483C0007781B7 /* serie_informacion.swift in Sources */,
				FB7C77FA2D84823E007781B7 /* ContentView.swift in Sources */,
				FB9F54B52D8B2AE7002B15B5 /* estados_de_la_aplicacion.swift in Sources */,
				FB7C780A2D848B25007781B7 /* vista_modelo_basico.swift in Sources */,
				FB9F54B32D8B1C04002B15B5 /* agregar_serie.swift in Sources */,
				FB7C780C2D848C90007781B7 /* primera_pantalla.swift in Sources */,
			);
			runOnlyForDeploymentPostprocessing = 0;
		};
/* End PBXSourcesBuildPhase section */

/* Begin XCBuildConfiguration section */
		FB7C78002D84823E007781B7 /* Debug */ = {
			isa = XCBuildConfiguration;
			buildSettings = {
				ALWAYS_SEARCH_USER_PATHS = NO;
				ASSETCATALOG_COMPILER_GENERATE_SWIFT_ASSET_SYMBOL_EXTENSIONS = YES;
				CLANG_ANALYZER_NONNULL = YES;
				CLANG_ANALYZER_NUMBER_OBJECT_CONVERSION = YES_AGGRESSIVE;
				CLANG_CXX_LANGUAGE_STANDARD = "gnu++20";
				CLANG_ENABLE_MODULES = YES;
				CLANG_ENABLE_OBJC_ARC = YES;
				CLANG_ENABLE_OBJC_WEAK = YES;
				CLANG_WARN_BLOCK_CAPTURE_AUTORELEASING = YES;
				CLANG_WARN_BOOL_CONVERSION = YES;
				CLANG_WARN_COMMA = YES;
				CLANG_WARN_CONSTANT_CONVERSION = YES;
				CLANG_WARN_DEPRECATED_OBJC_IMPLEMENTATIONS = YES;
				CLANG_WARN_DIRECT_OBJC_ISA_USAGE = YES_ERROR;
				CLANG_WARN_DOCUMENTATION_COMMENTS = YES;
				CLANG_WARN_EMPTY_BODY = YES;
				CLANG_WARN_ENUM_CONVERSION = YES;
				CLANG_WARN_INFINITE_RECURSION = YES;
				CLANG_WARN_INT_CONVERSION = YES;
				CLANG_WARN_NON_LITERAL_NULL_CONVERSION = YES;
				CLANG_WARN_OBJC_IMPLICIT_RETAIN_SELF = YES;
				CLANG_WARN_OBJC_LITERAL_CONVERSION = YES;
				CLANG_WARN_OBJC_ROOT_CLASS = YES_ERROR;
				CLANG_WARN_QUOTED_INCLUDE_IN_FRAMEWORK_HEADER = YES;
				CLANG_WARN_RANGE_LOOP_ANALYSIS = YES;
				CLANG_WARN_STRICT_PROTOTYPES = YES;
				CLANG_WARN_SUSPICIOUS_MOVE = YES;
				CLANG_WARN_UNGUARDED_AVAILABILITY = YES_AGGRESSIVE;
				CLANG_WARN_UNREACHABLE_CODE = YES;
				CLANG_WARN__DUPLICATE_METHOD_MATCH = YES;
				COPY_PHASE_STRIP = NO;
				DEBUG_INFORMATION_FORMAT = dwarf;
				ENABLE_STRICT_OBJC_MSGSEND = YES;
				ENABLE_TESTABILITY = YES;
				ENABLE_USER_SCRIPT_SANDBOXING = YES;
				GCC_C_LANGUAGE_STANDARD = gnu17;
				GCC_DYNAMIC_NO_PIC = NO;
				GCC_NO_COMMON_BLOCKS = YES;
				GCC_OPTIMIZATION_LEVEL = 0;
				GCC_PREPROCESSOR_DEFINITIONS = (
					"DEBUG=1",
					"$(inherited)",
				);
				GCC_WARN_64_TO_32_BIT_CONVERSION = YES;
				GCC_WARN_ABOUT_RETURN_TYPE = YES_ERROR;
				GCC_WARN_UNDECLARED_SELECTOR = YES;
				GCC_WARN_UNINITIALIZED_AUTOS = YES_AGGRESSIVE;
				GCC_WARN_UNUSED_FUNCTION = YES;
				GCC_WARN_UNUSED_VARIABLE = YES;
				IPHONEOS_DEPLOYMENT_TARGET = 17.5;
				LOCALIZATION_PREFERS_STRING_CATALOGS = YES;
				MTL_ENABLE_DEBUG_INFO = INCLUDE_SOURCE;
				MTL_FAST_MATH = YES;
				ONLY_ACTIVE_ARCH = YES;
				SDKROOT = iphoneos;
				SWIFT_ACTIVE_COMPILATION_CONDITIONS = "DEBUG $(inherited)";
				SWIFT_OPTIMIZATION_LEVEL = "-Onone";
			};
			name = Debug;
		};
		FB7C78012D84823E007781B7 /* Release */ = {
			isa = XCBuildConfiguration;
			buildSettings = {
				ALWAYS_SEARCH_USER_PATHS = NO;
				ASSETCATALOG_COMPILER_GENERATE_SWIFT_ASSET_SYMBOL_EXTENSIONS = YES;
				CLANG_ANALYZER_NONNULL = YES;
				CLANG_ANALYZER_NUMBER_OBJECT_CONVERSION = YES_AGGRESSIVE;
				CLANG_CXX_LANGUAGE_STANDARD = "gnu++20";
				CLANG_ENABLE_MODULES = YES;
				CLANG_ENABLE_OBJC_ARC = YES;
				CLANG_ENABLE_OBJC_WEAK = YES;
				CLANG_WARN_BLOCK_CAPTURE_AUTORELEASING = YES;
				CLANG_WARN_BOOL_CONVERSION = YES;
				CLANG_WARN_COMMA = YES;
				CLANG_WARN_CONSTANT_CONVERSION = YES;
				CLANG_WARN_DEPRECATED_OBJC_IMPLEMENTATIONS = YES;
				CLANG_WARN_DIRECT_OBJC_ISA_USAGE = YES_ERROR;
				CLANG_WARN_DOCUMENTATION_COMMENTS = YES;
				CLANG_WARN_EMPTY_BODY = YES;
				CLANG_WARN_ENUM_CONVERSION = YES;
				CLANG_WARN_INFINITE_RECURSION = YES;
				CLANG_WARN_INT_CONVERSION = YES;
				CLANG_WARN_NON_LITERAL_NULL_CONVERSION = YES;
				CLANG_WARN_OBJC_IMPLICIT_RETAIN_SELF = YES;
				CLANG_WARN_OBJC_LITERAL_CONVERSION = YES;
				CLANG_WARN_OBJC_ROOT_CLASS = YES_ERROR;
				CLANG_WARN_QUOTED_INCLUDE_IN_FRAMEWORK_HEADER = YES;
				CLANG_WARN_RANGE_LOOP_ANALYSIS = YES;
				CLANG_WARN_STRICT_PROTOTYPES = YES;
				CLANG_WARN_SUSPICIOUS_MOVE = YES;
				CLANG_WARN_UNGUARDED_AVAILABILITY = YES_AGGRESSIVE;
				CLANG_WARN_UNREACHABLE_CODE = YES;
				CLANG_WARN__DUPLICATE_METHOD_MATCH = YES;
				COPY_PHASE_STRIP = NO;
				DEBUG_INFORMATION_FORMAT = "dwarf-with-dsym";
				ENABLE_NS_ASSERTIONS = NO;
				ENABLE_STRICT_OBJC_MSGSEND = YES;
				ENABLE_USER_SCRIPT_SANDBOXING = YES;
				GCC_C_LANGUAGE_STANDARD = gnu17;
				GCC_NO_COMMON_BLOCKS = YES;
				GCC_WARN_64_TO_32_BIT_CONVERSION = YES;
				GCC_WARN_ABOUT_RETURN_TYPE = YES_ERROR;
				GCC_WARN_UNDECLARED_SELECTOR = YES;
				GCC_WARN_UNINITIALIZED_AUTOS = YES_AGGRESSIVE;
				GCC_WARN_UNUSED_FUNCTION = YES;
				GCC_WARN_UNUSED_VARIABLE = YES;
				IPHONEOS_DEPLOYMENT_TARGET = 17.5;
				LOCALIZATION_PREFERS_STRING_CATALOGS = YES;
				MTL_ENABLE_DEBUG_INFO = NO;
				MTL_FAST_MATH = YES;
				SDKROOT = iphoneos;
				SWIFT_COMPILATION_MODE = wholemodule;
				VALIDATE_PRODUCT = YES;
			};
			name = Release;
		};
		FB7C78032D84823E007781B7 /* Debug */ = {
			isa = XCBuildConfiguration;
			buildSettings = {
				ASSETCATALOG_COMPILER_APPICON_NAME = AppIcon;
				ASSETCATALOG_COMPILER_GLOBAL_ACCENT_COLOR_NAME = AccentColor;
				CODE_SIGN_STYLE = Automatic;
				CURRENT_PROJECT_VERSION = 1;
				DEVELOPMENT_ASSET_PATHS = "\"mvvm/Preview Content\"";
				ENABLE_PREVIEWS = YES;
				GENERATE_INFOPLIST_FILE = YES;
				INFOPLIST_KEY_UIApplicationSceneManifest_Generation = YES;
				INFOPLIST_KEY_UIApplicationSupportsIndirectInputEvents = YES;
				INFOPLIST_KEY_UILaunchScreen_Generation = YES;
				INFOPLIST_KEY_UISupportedInterfaceOrientations_iPad = "UIInterfaceOrientationPortrait UIInterfaceOrientationPortraitUpsideDown UIInterfaceOrientationLandscapeLeft UIInterfaceOrientationLandscapeRight";
				INFOPLIST_KEY_UISupportedInterfaceOrientations_iPhone = "UIInterfaceOrientationPortrait UIInterfaceOrientationLandscapeLeft UIInterfaceOrientationLandscapeRight";
				LD_RUNPATH_SEARCH_PATHS = (
					"$(inherited)",
					"@executable_path/Frameworks",
				);
				MARKETING_VERSION = 1.0;
				PRODUCT_BUNDLE_IDENTIFIER = mx.alumnos.uacj.mvvm;
				PRODUCT_NAME = "$(TARGET_NAME)";
				SWIFT_EMIT_LOC_STRINGS = YES;
				SWIFT_VERSION = 5.0;
				TARGETED_DEVICE_FAMILY = "1,2";
			};
			name = Debug;
		};
		FB7C78042D84823E007781B7 /* Release */ = {
			isa = XCBuildConfiguration;
			buildSettings = {
				ASSETCATALOG_COMPILER_APPICON_NAME = AppIcon;
				ASSETCATALOG_COMPILER_GLOBAL_ACCENT_COLOR_NAME = AccentColor;
				CODE_SIGN_STYLE = Automatic;
				CURRENT_PROJECT_VERSION = 1;
				DEVELOPMENT_ASSET_PATHS = "\"mvvm/Preview Content\"";
				ENABLE_PREVIEWS = YES;
				GENERATE_INFOPLIST_FILE = YES;
				INFOPLIST_KEY_UIApplicationSceneManifest_Generation = YES;
				INFOPLIST_KEY_UIApplicationSupportsIndirectInputEvents = YES;
				INFOPLIST_KEY_UILaunchScreen_Generation = YES;
				INFOPLIST_KEY_UISupportedInterfaceOrientations_iPad = "UIInterfaceOrientationPortrait UIInterfaceOrientationPortraitUpsideDown UIInterfaceOrientationLandscapeLeft UIInterfaceOrientationLandscapeRight";
				INFOPLIST_KEY_UISupportedInterfaceOrientations_iPhone = "UIInterfaceOrientationPortrait UIInterfaceOrientationLandscapeLeft UIInterfaceOrientationLandscapeRight";
				LD_RUNPATH_SEARCH_PATHS = (
					"$(inherited)",
					"@executable_path/Frameworks",
				);
				MARKETING_VERSION = 1.0;
				PRODUCT_BUNDLE_IDENTIFIER = mx.alumnos.uacj.mvvm;
				PRODUCT_NAME = "$(TARGET_NAME)";
				SWIFT_EMIT_LOC_STRINGS = YES;
				SWIFT_VERSION = 5.0;
				TARGETED_DEVICE_FAMILY = "1,2";
			};
			name = Release;
		};
/* End XCBuildConfiguration section */

/* Begin XCConfigurationList section */
		FB7C77EF2D84823E007781B7 /* Build configuration list for PBXProject "mvvm" */ = {
			isa = XCConfigurationList;
			buildConfigurations = (
				FB7C78002D84823E007781B7 /* Debug */,
				FB7C78012D84823E007781B7 /* Release */,
			);
			defaultConfigurationIsVisible = 0;
			defaultConfigurationName = Release;
		};
		FB7C78022D84823E007781B7 /* Build configuration list for PBXNativeTarget "mvvm" */ = {
			isa = XCConfigurationList;
			buildConfigurations = (
				FB7C78032D84823E007781B7 /* Debug */,
				FB7C78042D84823E007781B7 /* Release */,
			);
			defaultConfigurationIsVisible = 0;
			defaultConfigurationName = Release;
		};
/* End XCConfigurationList section */
	};
	rootObject = FB7C77EC2D84823E007781B7 /* Project object */;
}
